
Microsoft Visual Studio Solution File, Format Version 12.00
# Visual Studio Version 17
VisualStudioVersion = 17.0.32112.339
MinimumVisualStudioVersion = 10.0.40219.1
Project("{9A19103F-16F7-4668-BE54-9A1E7A4F7556}") = "Arkham", "Arkham\Arkham.csproj", "{D4CAC35B-6AC0-41DF-AC60-9DB7C303BDA4}"
EndProject
Project("{2150E333-8FDC-42A3-9474-1A3956D46DE8}") = "SolutionItems", "SolutionItems", "{494AF456-4198-4207-AB24-2903FB27DB7A}"
	ProjectSection(SolutionItems) = preProject
		.gitignore = .gitignore
		docker-compose.yml = docker-compose.yml
		Learnings.md = Learnings.md
		NuGet.config = NuGet.config
	EndProjectSection
EndProject
Project("{9A19103F-16F7-4668-BE54-9A1E7A4F7556}") = "Epoxy", "Epoxy\Epoxy.csproj", "{CF220D42-15B2-4AA4-AD46-9AE41B19BD40}"
EndProject
Project("{9A19103F-16F7-4668-BE54-9A1E7A4F7556}") = "Nimm2", "Nimm2\Nimm2.csproj", "{F9C0FFBA-01A7-46F1-85A8-D254643CAEAE}"
EndProject
Project("{9A19103F-16F7-4668-BE54-9A1E7A4F7556}") = "Resin", "Resin\Resin.csproj", "{046C58ED-5E4C-4B29-BA76-8E636425FB5E}"
EndProject
Project("{9A19103F-16F7-4668-BE54-9A1E7A4F7556}") = "Mum", "Mum\Mum.csproj", "{C4D4929D-BD84-44BD-9C63-80C99A20786A}"
EndProject
Project("{9A19103F-16F7-4668-BE54-9A1E7A4F7556}") = "Resin.Grpc", "Resin.Grpc\Resin.Grpc.csproj", "{74F5504F-EC4B-498E-B4B4-207C2708B5CE}"
EndProject
Project("{9A19103F-16F7-4668-BE54-9A1E7A4F7556}") = "Epoxy.Grpc", "Epoxy.Grpc\Epoxy.Grpc.csproj", "{225EC36E-6389-4F82-96D3-7985E51AE5B6}"
EndProject
Project("{9A19103F-16F7-4668-BE54-9A1E7A4F7556}") = "JaundicedSage", "JaundicedSage\JaundicedSage.csproj", "{7D9F3651-D431-45FE-BF41-A1FCA1F98B07}"
EndProject
Project("{9A19103F-16F7-4668-BE54-9A1E7A4F7556}") = "JaundicedSage.Grpc", "JaundicedSage.Grpc\JaundicedSage.Grpc.csproj", "{493CCA4F-431F-4F8A-AB13-C41C8757BE43}"
EndProject
Project("{FAE04EC0-301F-11D3-BF4B-00C04F79EFBC}") = "Bowser", "Bowser\Bowser.csproj", "{578452F0-B4C7-4886-A72C-1E338A66D87C}"
EndProject
Global
	GlobalSection(SolutionConfigurationPlatforms) = preSolution
		Debug|Any CPU = Debug|Any CPU
		Release|Any CPU = Release|Any CPU
	EndGlobalSection
	GlobalSection(ProjectConfigurationPlatforms) = postSolution
		{D4CAC35B-6AC0-41DF-AC60-9DB7C303BDA4}.Debug|Any CPU.ActiveCfg = Debug|Any CPU
		{D4CAC35B-6AC0-41DF-AC60-9DB7C303BDA4}.Debug|Any CPU.Build.0 = Debug|Any CPU
		{D4CAC35B-6AC0-41DF-AC60-9DB7C303BDA4}.Release|Any CPU.ActiveCfg = Release|Any CPU
		{D4CAC35B-6AC0-41DF-AC60-9DB7C303BDA4}.Release|Any CPU.Build.0 = Release|Any CPU
		{CF220D42-15B2-4AA4-AD46-9AE41B19BD40}.Debug|Any CPU.ActiveCfg = Debug|Any CPU
		{CF220D42-15B2-4AA4-AD46-9AE41B19BD40}.Debug|Any CPU.Build.0 = Debug|Any CPU
		{CF220D42-15B2-4AA4-AD46-9AE41B19BD40}.Release|Any CPU.ActiveCfg = Release|Any CPU
		{CF220D42-15B2-4AA4-AD46-9AE41B19BD40}.Release|Any CPU.Build.0 = Release|Any CPU
		{F9C0FFBA-01A7-46F1-85A8-D254643CAEAE}.Debug|Any CPU.ActiveCfg = Debug|Any CPU
		{F9C0FFBA-01A7-46F1-85A8-D254643CAEAE}.Debug|Any CPU.Build.0 = Debug|Any CPU
		{F9C0FFBA-01A7-46F1-85A8-D254643CAEAE}.Release|Any CPU.ActiveCfg = Release|Any CPU
		{F9C0FFBA-01A7-46F1-85A8-D254643CAEAE}.Release|Any CPU.Build.0 = Release|Any CPU
		{046C58ED-5E4C-4B29-BA76-8E636425FB5E}.Debug|Any CPU.ActiveCfg = Debug|Any CPU
		{046C58ED-5E4C-4B29-BA76-8E636425FB5E}.Debug|Any CPU.Build.0 = Debug|Any CPU
		{046C58ED-5E4C-4B29-BA76-8E636425FB5E}.Release|Any CPU.ActiveCfg = Release|Any CPU
		{046C58ED-5E4C-4B29-BA76-8E636425FB5E}.Release|Any CPU.Build.0 = Release|Any CPU
		{C4D4929D-BD84-44BD-9C63-80C99A20786A}.Debug|Any CPU.ActiveCfg = Debug|Any CPU
		{C4D4929D-BD84-44BD-9C63-80C99A20786A}.Debug|Any CPU.Build.0 = Debug|Any CPU
		{C4D4929D-BD84-44BD-9C63-80C99A20786A}.Release|Any CPU.ActiveCfg = Release|Any CPU
		{C4D4929D-BD84-44BD-9C63-80C99A20786A}.Release|Any CPU.Build.0 = Release|Any CPU
		{74F5504F-EC4B-498E-B4B4-207C2708B5CE}.Debug|Any CPU.ActiveCfg = Debug|Any CPU
		{74F5504F-EC4B-498E-B4B4-207C2708B5CE}.Debug|Any CPU.Build.0 = Debug|Any CPU
		{74F5504F-EC4B-498E-B4B4-207C2708B5CE}.Release|Any CPU.ActiveCfg = Release|Any CPU
		{74F5504F-EC4B-498E-B4B4-207C2708B5CE}.Release|Any CPU.Build.0 = Release|Any CPU
		{225EC36E-6389-4F82-96D3-7985E51AE5B6}.Debug|Any CPU.ActiveCfg = Debug|Any CPU
		{225EC36E-6389-4F82-96D3-7985E51AE5B6}.Debug|Any CPU.Build.0 = Debug|Any CPU
		{225EC36E-6389-4F82-96D3-7985E51AE5B6}.Release|Any CPU.ActiveCfg = Release|Any CPU
		{225EC36E-6389-4F82-96D3-7985E51AE5B6}.Release|Any CPU.Build.0 = Release|Any CPU
		{7D9F3651-D431-45FE-BF41-A1FCA1F98B07}.Debug|Any CPU.ActiveCfg = Debug|Any CPU
		{7D9F3651-D431-45FE-BF41-A1FCA1F98B07}.Debug|Any CPU.Build.0 = Debug|Any CPU
		{7D9F3651-D431-45FE-BF41-A1FCA1F98B07}.Release|Any CPU.ActiveCfg = Release|Any CPU
		{7D9F3651-D431-45FE-BF41-A1FCA1F98B07}.Release|Any CPU.Build.0 = Release|Any CPU
		{493CCA4F-431F-4F8A-AB13-C41C8757BE43}.Debug|Any CPU.ActiveCfg = Debug|Any CPU
		{493CCA4F-431F-4F8A-AB13-C41C8757BE43}.Debug|Any CPU.Build.0 = Debug|Any CPU
		{493CCA4F-431F-4F8A-AB13-C41C8757BE43}.Release|Any CPU.ActiveCfg = Release|Any CPU
		{493CCA4F-431F-4F8A-AB13-C41C8757BE43}.Release|Any CPU.Build.0 = Release|Any CPU
		{578452F0-B4C7-4886-A72C-1E338A66D87C}.Debug|Any CPU.ActiveCfg = Debug|Any CPU
		{578452F0-B4C7-4886-A72C-1E338A66D87C}.Debug|Any CPU.Build.0 = Debug|Any CPU
		{578452F0-B4C7-4886-A72C-1E338A66D87C}.Release|Any CPU.ActiveCfg = Release|Any CPU
		{578452F0-B4C7-4886-A72C-1E338A66D87C}.Release|Any CPU.Build.0 = Release|Any CPU
	EndGlobalSection
	GlobalSection(SolutionProperties) = preSolution
		HideSolutionNode = FALSE
	EndGlobalSection
	GlobalSection(ExtensibilityGlobals) = postSolution
		SolutionGuid = {51E0B442-15D1-4FFE-93D8-AD09E5BED20F}
	EndGlobalSection
EndGlobal
